
Microsoft Visual Studio Solution File, Format Version 12.00
# Visual Studio 15
Project("{FAE04EC0-301F-11D3-BF4B-00C04F79EFBC}") = "beerService", "beerService\beerService.csproj", "{366A4B51-60B0-4524-9CDD-434E712F0FF7}"
EndProject
Global
	GlobalSection(SolutionConfigurationPlatforms) = preSolution
		Debug|Any CPU = Debug|Any CPU
		Release|Any CPU = Release|Any CPU
	EndGlobalSection
	GlobalSection(ProjectConfigurationPlatforms) = postSolution
		{366A4B51-60B0-4524-9CDD-434E712F0FF7}.Debug|Any CPU.ActiveCfg = Debug|Any CPU
		{366A4B51-60B0-4524-9CDD-434E712F0FF7}.Debug|Any CPU.Build.0 = Debug|Any CPU
		{366A4B51-60B0-4524-9CDD-434E712F0FF7}.Release|Any CPU.ActiveCfg = Release|Any CPU
		{366A4B51-60B0-4524-9CDD-434E712F0FF7}.Release|Any CPU.Build.0 = Release|Any CPU
	EndGlobalSection
EndGlobal
